<?xml version="1.0" encoding="utf-8"?>
<Project ToolsVersion="4.0" xmlns="http://schemas.microsoft.com/developer/msbuild/2003">
  <ItemGroup>
    <Filter Include="Source Files">
      <UniqueIdentifier>{4FC737F1-C7A5-4376-A066-2A32D752A2FF}</UniqueIdentifier>
      <Extensions>cpp;c;cc;cxx;def;odl;idl;hpj;bat;asm;asmx</Extensions>
    </Filter>
    <Filter Include="Header Files">
      <UniqueIdentifier>{93995380-89BD-4b04-88EB-625FBE52EBFB}</UniqueIdentifier>
      <Extensions>h;hpp;hxx;hm;inl;inc;xsd</Extensions>
    </Filter>
    <Filter Include="Resource Files">
      <UniqueIdentifier>{67DA6AB6-F800-4c08-8B7A-83BB121AAD01}</UniqueIdentifier>
      <Extensions>rc;ico;cur;bmp;dlg;rc2;rct;bin;rgs;gif;jpg;jpeg;jpe;resx;tiff;tif;png;wav;mfcribbon-ms</Extensions>
    </Filter>
    <Filter Include="Header Files\drawables">
      <UniqueIdentifier>{849831a2-22e2-46a8-90a4-dde66566367a}</UniqueIdentifier>
    </Filter>
    <Filter Include="Source Files\drawables">
      <UniqueIdentifier>{07e9f88f-28c0-4711-a672-85597181e9d1}</UniqueIdentifier>
    </Filter>
    <Filter Include="Header Files\EulerAngles">
      <UniqueIdentifier>{ff256cc1-b789-4a50-aca1-fa0c3f06d243}</UniqueIdentifier>
    </Filter>
    <Filter Include="Source Files\EulerAngles">
      <UniqueIdentifier>{7f6cda6c-fbd8-4167-a361-a2b2ea99b1e4}</UniqueIdentifier>
    </Filter>
    <Filter Include="Header Files\Textures">
      <UniqueIdentifier>{88e290d8-c56a-4109-9ec7-039841c72595}</UniqueIdentifier>
    </Filter>
    <Filter Include="Source Files\Textures">
      <UniqueIdentifier>{9bf9c59c-9f53-46e0-80b8-6c681da69a0b}</UniqueIdentifier>
    </Filter>
    <Filter Include="Header Files\Template">
      <UniqueIdentifier>{10acdb2d-f89a-4f37-b8d2-9cf7c5dcf63e}</UniqueIdentifier>
    </Filter>
    <Filter Include="Source Files\Template">
      <UniqueIdentifier>{21cf360c-6c59-4ef9-a0d6-c0e4d3811997}</UniqueIdentifier>
    </Filter>
  </ItemGroup>
  <ItemGroup>
    <Text Include="ReadMe.txt" />
  </ItemGroup>
  <ItemGroup>
    <ClInclude Include="..\..\src\Drawable.hpp">
      <Filter>Header Files\drawables</Filter>
    </ClInclude>
    <ClInclude Include="..\..\src\DrawableManager.hpp">
      <Filter>Header Files\drawables</Filter>
    </ClInclude>
    <ClInclude Include="..\..\src\TripodDrawable.hpp">
      <Filter>Header Files\EulerAngles</Filter>
    </ClInclude>
    <ClInclude Include="..\..\src\AxisRotator.hpp">
      <Filter>Header Files\EulerAngles</Filter>
    </ClInclude>
    <ClInclude Include="..\..\src\EulerRotator.hpp">
      <Filter>Header Files\EulerAngles</Filter>
    </ClInclude>
    <ClInclude Include="..\..\src\Rotator.hpp">
      <Filter>Header Files\EulerAngles</Filter>
    </ClInclude>
    <ClInclude Include="..\..\src\EulerAnglesApp.hpp">
      <Filter>Header Files\EulerAngles</Filter>
    </ClInclude>
    <ClInclude Include="..\..\src\shaders.hpp">
      <Filter>Header Files\Template</Filter>
    </ClInclude>
    <ClInclude Include="..\..\src\BaseApp.hpp">
      <Filter>Header Files\Template</Filter>
    </ClInclude>
    <ClInclude Include="..\..\src\Camera.hpp">
      <Filter>Header Files\Template</Filter>
    </ClInclude>
    <ClInclude Include="..\..\src\CameraFrustum.hpp">
      <Filter>Header Files\Template</Filter>
    </ClInclude>
    <ClInclude Include="..\..\src\IApp.hpp">
      <Filter>Header Files\Template</Filter>
    </ClInclude>
    <ClInclude Include="..\..\src\logging.hpp">
      <Filter>Header Files\Template</Filter>
    </ClInclude>
    <ClInclude Include="..\..\src\Plane.hpp">
      <Filter>Header Files\Template</Filter>
    </ClInclude>
    <ClInclude Include="..\..\src\TexturesApp.hpp">
      <Filter>Header Files\Textures</Filter>
    </ClInclude>
    <ClInclude Include="..\..\src\TexturedDrawable.hpp">
      <Filter>Header Files\Textures</Filter>
    </ClInclude>
    <ClInclude Include="..\..\src\BMPReader.hpp">
      <Filter>Header Files\Textures</Filter>
    </ClInclude>
  </ItemGroup>
  <ItemGroup>
    <ClCompile Include="..\..\src\Drawable.cpp">
      <Filter>Source Files\drawables</Filter>
    </ClCompile>
    <ClCompile Include="..\..\src\DrawableManager.cpp">
      <Filter>Source Files\drawables</Filter>
    </ClCompile>
    <ClCompile Include="..\..\src\TripodDrawable.cpp">
      <Filter>Source Files\EulerAngles</Filter>
    </ClCompile>
    <ClCompile Include="..\..\src\EulerRotator.cpp">
      <Filter>Source Files\EulerAngles</Filter>
    </ClCompile>
    <ClCompile Include="..\..\src\AxisRotator.cpp">
      <Filter>Source Files\EulerAngles</Filter>
    </ClCompile>
    <ClCompile Include="..\..\src\Rotator.cpp">
      <Filter>Source Files\EulerAngles</Filter>
    </ClCompile>
    <ClCompile Include="..\..\src\EulerAnglesApp.cpp">
      <Filter>Source Files\EulerAngles</Filter>
    </ClCompile>
    <ClCompile Include="..\..\src\BaseApp.cpp">
      <Filter>Source Files\Template</Filter>
    </ClCompile>
    <ClCompile Include="..\..\src\Camera.cpp">
      <Filter>Source Files\Template</Filter>
    </ClCompile>
    <ClCompile Include="..\..\src\CameraFrustum.cpp">
      <Filter>Source Files\Template</Filter>
    </ClCompile>
    <ClCompile Include="..\..\src\IApp.cpp">
      <Filter>Source Files\Template</Filter>
    </ClCompile>
    <ClCompile Include="..\..\src\logging.cpp">
      <Filter>Source Files\Template</Filter>
    </ClCompile>
    <ClCompile Include="..\..\src\main.cpp">
      <Filter>Source Files\Template</Filter>
    </ClCompile>
    <ClCompile Include="..\..\src\Plane.cpp">
      <Filter>Source Files\Template</Filter>
    </ClCompile>
    <ClCompile Include="..\..\src\shaders.cpp">
      <Filter>Source Files\Template</Filter>
    </ClCompile>
    <ClCompile Include="..\..\src\TexturesApp.cpp">
      <Filter>Source Files\Textures</Filter>
    </ClCompile>
    <ClCompile Include="..\..\src\TexturedDrawable.cpp">
      <Filter>Source Files\Textures</Filter>
    </ClCompile>
    <ClCompile Include="..\..\src\BMPReader.cpp">
      <Filter>Source Files\Textures</Filter>
    </ClCompile>
  </ItemGroup>
</Project>