
Microsoft Visual Studio Solution File, Format Version 12.00
# Visual Studio 2012
Project("{8BC9CEB8-8B4A-11D0-8D11-00A0C91BC942}") = "Template", "Template\Template.vcxproj", "{1A5A3B07-B1F7-4066-A320-F50BAE291EE9}"
EndProject
Global
	GlobalSection(SolutionConfigurationPlatforms) = preSolution
		Debug|Win32 = Debug|Win32
		Release|Win32 = Release|Win32
	EndGlobalSection
	GlobalSection(ProjectConfigurationPlatforms) = postSolution
		{1A5A3B07-B1F7-4066-A320-F50BAE291EE9}.Debug|Win32.ActiveCfg = Debug|Win32
		{1A5A3B07-B1F7-4066-A320-F50BAE291EE9}.Debug|Win32.Build.0 = Debug|Win32
		{1A5A3B07-B1F7-4066-A320-F50BAE291EE9}.Release|Win32.ActiveCfg = Release|Win32
		{1A5A3B07-B1F7-4066-A320-F50BAE291EE9}.Release|Win32.Build.0 = Release|Win32
	EndGlobalSection
	GlobalSection(SolutionProperties) = preSolution
		HideSolutionNode = FALSE
	EndGlobalSection
EndGlobal
